// !$*UTF8*$!
{
	archiveVersion = 1;
	classes = {
	};
	objectVersion = 55;
	objects = {

/* Begin PBXBuildFile section */
		916AD38727FD904B00739999 /* AppDelegate.swift in Sources */ = {isa = PBXBuildFile; fileRef = 916AD38627FD904B00739999 /* AppDelegate.swift */; };
		916AD38927FD904B00739999 /* SceneDelegate.swift in Sources */ = {isa = PBXBuildFile; fileRef = 916AD38827FD904B00739999 /* SceneDelegate.swift */; };
		916AD38E27FD904B00739999 /* Main.storyboard in Resources */ = {isa = PBXBuildFile; fileRef = 916AD38C27FD904B00739999 /* Main.storyboard */; };
		916AD39027FD904C00739999 /* Assets.xcassets in Resources */ = {isa = PBXBuildFile; fileRef = 916AD38F27FD904C00739999 /* Assets.xcassets */; };
		916AD39327FD904C00739999 /* LaunchScreen.storyboard in Resources */ = {isa = PBXBuildFile; fileRef = 916AD39127FD904C00739999 /* LaunchScreen.storyboard */; };
		916AD3A127FDB09E00739999 /* WeatherDetailViewController.swift in Sources */ = {isa = PBXBuildFile; fileRef = 916AD3A027FDB09E00739999 /* WeatherDetailViewController.swift */; };
		916AD3A327FDB84B00739999 /* City.swift in Sources */ = {isa = PBXBuildFile; fileRef = 916AD3A227FDB84B00739999 /* City.swift */; };
		916AD3A527FDB88700739999 /* Weather.swift in Sources */ = {isa = PBXBuildFile; fileRef = 916AD3A427FDB88700739999 /* Weather.swift */; };
		916AD3A727FDBEBE00739999 /* CityListViewController.swift in Sources */ = {isa = PBXBuildFile; fileRef = 916AD3A627FDBEBE00739999 /* CityListViewController.swift */; };
		916AD3A927FDC09B00739999 /* WeatherViewModel.swift in Sources */ = {isa = PBXBuildFile; fileRef = 916AD3A827FDC09B00739999 /* WeatherViewModel.swift */; };
		916AD3AB27FDE51800739999 /* CityListViewModel.swift in Sources */ = {isa = PBXBuildFile; fileRef = 916AD3AA27FDE51800739999 /* CityListViewModel.swift */; };
		916AD3AD27FDE6BF00739999 /* CityViewModel.swift in Sources */ = {isa = PBXBuildFile; fileRef = 916AD3AC27FDE6BF00739999 /* CityViewModel.swift */; };
		916AD3B027FDEF4700739999 /* Dynamic.swift in Sources */ = {isa = PBXBuildFile; fileRef = 916AD3AF27FDEF4700739999 /* Dynamic.swift */; };
		916AD3B227FE12DA00739999 /* CityCell.swift in Sources */ = {isa = PBXBuildFile; fileRef = 916AD3B127FE12DA00739999 /* CityCell.swift */; };
		916AD3B427FE14C700739999 /* Constants.swift in Sources */ = {isa = PBXBuildFile; fileRef = 916AD3B327FE14C700739999 /* Constants.swift */; };
		916AD3B627FE154F00739999 /* NetworkClient.swift in Sources */ = {isa = PBXBuildFile; fileRef = 916AD3B527FE154F00739999 /* NetworkClient.swift */; };
		916AD3B827FE270800739999 /* LoadingState.swift in Sources */ = {isa = PBXBuildFile; fileRef = 916AD3B727FE270800739999 /* LoadingState.swift */; };
/* End PBXBuildFile section */

/* Begin PBXFileReference section */
		916AD38327FD904B00739999 /* WeatherUIKit.app */ = {isa = PBXFileReference; explicitFileType = wrapper.application; includeInIndex = 0; path = WeatherUIKit.app; sourceTree = BUILT_PRODUCTS_DIR; };
		916AD38627FD904B00739999 /* AppDelegate.swift */ = {isa = PBXFileReference; lastKnownFileType = sourcecode.swift; path = AppDelegate.swift; sourceTree = "<group>"; };
		916AD38827FD904B00739999 /* SceneDelegate.swift */ = {isa = PBXFileReference; lastKnownFileType = sourcecode.swift; path = SceneDelegate.swift; sourceTree = "<group>"; };
		916AD38D27FD904B00739999 /* Base */ = {isa = PBXFileReference; lastKnownFileType = file.storyboard; name = Base; path = Base.lproj/Main.storyboard; sourceTree = "<group>"; };
		916AD38F27FD904C00739999 /* Assets.xcassets */ = {isa = PBXFileReference; lastKnownFileType = folder.assetcatalog; path = Assets.xcassets; sourceTree = "<group>"; };
		916AD39227FD904C00739999 /* Base */ = {isa = PBXFileReference; lastKnownFileType = file.storyboard; name = Base; path = Base.lproj/LaunchScreen.storyboard; sourceTree = "<group>"; };
		916AD39427FD904C00739999 /* Info.plist */ = {isa = PBXFileReference; lastKnownFileType = text.plist.xml; path = Info.plist; sourceTree = "<group>"; };
		916AD3A027FDB09E00739999 /* WeatherDetailViewController.swift */ = {isa = PBXFileReference; lastKnownFileType = sourcecode.swift; path = WeatherDetailViewController.swift; sourceTree = "<group>"; };
		916AD3A227FDB84B00739999 /* City.swift */ = {isa = PBXFileReference; lastKnownFileType = sourcecode.swift; path = City.swift; sourceTree = "<group>"; };
		916AD3A427FDB88700739999 /* Weather.swift */ = {isa = PBXFileReference; lastKnownFileType = sourcecode.swift; path = Weather.swift; sourceTree = "<group>"; };
		916AD3A627FDBEBE00739999 /* CityListViewController.swift */ = {isa = PBXFileReference; lastKnownFileType = sourcecode.swift; path = CityListViewController.swift; sourceTree = "<group>"; };
		916AD3A827FDC09B00739999 /* WeatherViewModel.swift */ = {isa = PBXFileReference; lastKnownFileType = sourcecode.swift; path = WeatherViewModel.swift; sourceTree = "<group>"; };
		916AD3AA27FDE51800739999 /* CityListViewModel.swift */ = {isa = PBXFileReference; lastKnownFileType = sourcecode.swift; path = CityListViewModel.swift; sourceTree = "<group>"; };
		916AD3AC27FDE6BF00739999 /* CityViewModel.swift */ = {isa = PBXFileReference; lastKnownFileType = sourcecode.swift; path = CityViewModel.swift; sourceTree = "<group>"; };
		916AD3AF27FDEF4700739999 /* Dynamic.swift */ = {isa = PBXFileReference; lastKnownFileType = sourcecode.swift; path = Dynamic.swift; sourceTree = "<group>"; };
		916AD3B127FE12DA00739999 /* CityCell.swift */ = {isa = PBXFileReference; lastKnownFileType = sourcecode.swift; path = CityCell.swift; sourceTree = "<group>"; };
		916AD3B327FE14C700739999 /* Constants.swift */ = {isa = PBXFileReference; lastKnownFileType = sourcecode.swift; path = Constants.swift; sourceTree = "<group>"; };
		916AD3B527FE154F00739999 /* NetworkClient.swift */ = {isa = PBXFileReference; lastKnownFileType = sourcecode.swift; path = NetworkClient.swift; sourceTree = "<group>"; };
		916AD3B727FE270800739999 /* LoadingState.swift */ = {isa = PBXFileReference; lastKnownFileType = sourcecode.swift; path = LoadingState.swift; sourceTree = "<group>"; };
/* End PBXFileReference section */

/* Begin PBXFrameworksBuildPhase section */
		916AD38027FD904B00739999 /* Frameworks */ = {
			isa = PBXFrameworksBuildPhase;
			buildActionMask = 2147483647;
			files = (
			);
			runOnlyForDeploymentPostprocessing = 0;
		};
/* End PBXFrameworksBuildPhase section */

/* Begin PBXGroup section */
		916AD37A27FD904B00739999 = {
			isa = PBXGroup;
			children = (
				916AD38527FD904B00739999 /* WeatherUIKit */,
				916AD38427FD904B00739999 /* Products */,
			);
			sourceTree = "<group>";
		};
		916AD38427FD904B00739999 /* Products */ = {
			isa = PBXGroup;
			children = (
				916AD38327FD904B00739999 /* WeatherUIKit.app */,
			);
			name = Products;
			sourceTree = "<group>";
		};
		916AD38527FD904B00739999 /* WeatherUIKit */ = {
			isa = PBXGroup;
			children = (
				916AD38627FD904B00739999 /* AppDelegate.swift */,
				916AD38827FD904B00739999 /* SceneDelegate.swift */,
				916AD39A27FD929600739999 /* Models */,
				916AD39B27FD929E00739999 /* ViewModels */,
				916AD39C27FD92AF00739999 /* Views */,
				916AD39D27FD92BE00739999 /* Services */,
				916AD3AE27FDEF1800739999 /* Utilities */,
				916AD38F27FD904C00739999 /* Assets.xcassets */,
				916AD39127FD904C00739999 /* LaunchScreen.storyboard */,
				916AD39427FD904C00739999 /* Info.plist */,
			);
			path = WeatherUIKit;
			sourceTree = "<group>";
		};
		916AD39A27FD929600739999 /* Models */ = {
			isa = PBXGroup;
			children = (
				916AD3A227FDB84B00739999 /* City.swift */,
				916AD3A427FDB88700739999 /* Weather.swift */,
			);
			path = Models;
			sourceTree = "<group>";
		};
		916AD39B27FD929E00739999 /* ViewModels */ = {
			isa = PBXGroup;
			children = (
				916AD3B727FE270800739999 /* LoadingState.swift */,
				916AD3AC27FDE6BF00739999 /* CityViewModel.swift */,
				916AD3AA27FDE51800739999 /* CityListViewModel.swift */,
				916AD3A827FDC09B00739999 /* WeatherViewModel.swift */,
			);
			path = ViewModels;
			sourceTree = "<group>";
		};
		916AD39C27FD92AF00739999 /* Views */ = {
			isa = PBXGroup;
			children = (
				916AD38C27FD904B00739999 /* Main.storyboard */,
				916AD3A627FDBEBE00739999 /* CityListViewController.swift */,
				916AD3B127FE12DA00739999 /* CityCell.swift */,
				916AD3A027FDB09E00739999 /* WeatherDetailViewController.swift */,
			);
			path = Views;
			sourceTree = "<group>";
		};
		916AD39D27FD92BE00739999 /* Services */ = {
			isa = PBXGroup;
			children = (
				916AD3B327FE14C700739999 /* Constants.swift */,
				916AD3B527FE154F00739999 /* NetworkClient.swift */,
			);
			path = Services;
			sourceTree = "<group>";
		};
		916AD3AE27FDEF1800739999 /* Utilities */ = {
			isa = PBXGroup;
			children = (
				916AD3AF27FDEF4700739999 /* Dynamic.swift */,
			);
			path = Utilities;
			sourceTree = "<group>";
		};
/* End PBXGroup section */

/* Begin PBXNativeTarget section */
		916AD38227FD904B00739999 /* WeatherUIKit */ = {
			isa = PBXNativeTarget;
			buildConfigurationList = 916AD39727FD904C00739999 /* Build configuration list for PBXNativeTarget "WeatherUIKit" */;
			buildPhases = (
				916AD37F27FD904B00739999 /* Sources */,
				916AD38027FD904B00739999 /* Frameworks */,
				916AD38127FD904B00739999 /* Resources */,
			);
			buildRules = (
			);
			dependencies = (
			);
			name = WeatherUIKit;
			productName = WeatherUIKit;
			productReference = 916AD38327FD904B00739999 /* WeatherUIKit.app */;
			productType = "com.apple.product-type.application";
		};
/* End PBXNativeTarget section */

/* Begin PBXProject section */
		916AD37B27FD904B00739999 /* Project object */ = {
			isa = PBXProject;
			attributes = {
				BuildIndependentTargetsInParallel = 1;
				LastSwiftUpdateCheck = 1330;
				LastUpgradeCheck = 1330;
				TargetAttributes = {
					916AD38227FD904B00739999 = {
						CreatedOnToolsVersion = 13.3;
					};
				};
			};
			buildConfigurationList = 916AD37E27FD904B00739999 /* Build configuration list for PBXProject "WeatherUIKit" */;
			compatibilityVersion = "Xcode 13.0";
			developmentRegion = en;
			hasScannedForEncodings = 0;
			knownRegions = (
				en,
				Base,
			);
			mainGroup = 916AD37A27FD904B00739999;
			productRefGroup = 916AD38427FD904B00739999 /* Products */;
			projectDirPath = "";
			projectRoot = "";
			targets = (
				916AD38227FD904B00739999 /* WeatherUIKit */,
			);
		};
/* End PBXProject section */

/* Begin PBXResourcesBuildPhase section */
		916AD38127FD904B00739999 /* Resources */ = {
			isa = PBXResourcesBuildPhase;
			buildActionMask = 2147483647;
			files = (
				916AD39327FD904C00739999 /* LaunchScreen.storyboard in Resources */,
				916AD39027FD904C00739999 /* Assets.xcassets in Resources */,
				916AD38E27FD904B00739999 /* Main.storyboard in Resources */,
			);
			runOnlyForDeploymentPostprocessing = 0;
		};
/* End PBXResourcesBuildPhase section */

/* Begin PBXSourcesBuildPhase section */
		916AD37F27FD904B00739999 /* Sources */ = {
			isa = PBXSourcesBuildPhase;
			buildActionMask = 2147483647;
			files = (
				916AD3A727FDBEBE00739999 /* CityListViewController.swift in Sources */,
				916AD3B027FDEF4700739999 /* Dynamic.swift in Sources */,
				916AD3A327FDB84B00739999 /* City.swift in Sources */,
				916AD3B227FE12DA00739999 /* CityCell.swift in Sources */,
				916AD38727FD904B00739999 /* AppDelegate.swift in Sources */,
				916AD3AB27FDE51800739999 /* CityListViewModel.swift in Sources */,
				916AD3A927FDC09B00739999 /* WeatherViewModel.swift in Sources */,
				916AD3A127FDB09E00739999 /* WeatherDetailViewController.swift in Sources */,
				916AD3B827FE270800739999 /* LoadingState.swift in Sources */,
				916AD3B627FE154F00739999 /* NetworkClient.swift in Sources */,
				916AD3A527FDB88700739999 /* Weather.swift in Sources */,
				916AD3AD27FDE6BF00739999 /* CityViewModel.swift in Sources */,
				916AD38927FD904B00739999 /* SceneDelegate.swift in Sources */,
				916AD3B427FE14C700739999 /* Constants.swift in Sources */,
			);
			runOnlyForDeploymentPostprocessing = 0;
		};
/* End PBXSourcesBuildPhase section */

/* Begin PBXVariantGroup section */
		916AD38C27FD904B00739999 /* Main.storyboard */ = {
			isa = PBXVariantGroup;
			children = (
				916AD38D27FD904B00739999 /* Base */,
			);
			name = Main.storyboard;
			sourceTree = "<group>";
		};
		916AD39127FD904C00739999 /* LaunchScreen.storyboard */ = {
			isa = PBXVariantGroup;
			children = (
				916AD39227FD904C00739999 /* Base */,
			);
			name = LaunchScreen.storyboard;
			sourceTree = "<group>";
		};
/* End PBXVariantGroup section */

/* Begin XCBuildConfiguration section */
		916AD39527FD904C00739999 /* Debug */ = {
			isa = XCBuildConfiguration;
			buildSettings = {
				ALWAYS_SEARCH_USER_PATHS = NO;
				CLANG_ANALYZER_NONNULL = YES;
				CLANG_ANALYZER_NUMBER_OBJECT_CONVERSION = YES_AGGRESSIVE;
				CLANG_CXX_LANGUAGE_STANDARD = "gnu++17";
				CLANG_ENABLE_MODULES = YES;
				CLANG_ENABLE_OBJC_ARC = YES;
				CLANG_ENABLE_OBJC_WEAK = YES;
				CLANG_WARN_BLOCK_CAPTURE_AUTORELEASING = YES;
				CLANG_WARN_BOOL_CONVERSION = YES;
				CLANG_WARN_COMMA = YES;
				CLANG_WARN_CONSTANT_CONVERSION = YES;
				CLANG_WARN_DEPRECATED_OBJC_IMPLEMENTATIONS = YES;
				CLANG_WARN_DIRECT_OBJC_ISA_USAGE = YES_ERROR;
				CLANG_WARN_DOCUMENTATION_COMMENTS = YES;
				CLANG_WARN_EMPTY_BODY = YES;
				CLANG_WARN_ENUM_CONVERSION = YES;
				CLANG_WARN_INFINITE_RECURSION = YES;
				CLANG_WARN_INT_CONVERSION = YES;
				CLANG_WARN_NON_LITERAL_NULL_CONVERSION = YES;
				CLANG_WARN_OBJC_IMPLICIT_RETAIN_SELF = YES;
				CLANG_WARN_OBJC_LITERAL_CONVERSION = YES;
				CLANG_WARN_OBJC_ROOT_CLASS = YES_ERROR;
				CLANG_WARN_QUOTED_INCLUDE_IN_FRAMEWORK_HEADER = YES;
				CLANG_WARN_RANGE_LOOP_ANALYSIS = YES;
				CLANG_WARN_STRICT_PROTOTYPES = YES;
				CLANG_WARN_SUSPICIOUS_MOVE = YES;
				CLANG_WARN_UNGUARDED_AVAILABILITY = YES_AGGRESSIVE;
				CLANG_WARN_UNREACHABLE_CODE = YES;
				CLANG_WARN__DUPLICATE_METHOD_MATCH = YES;
				COPY_PHASE_STRIP = NO;
				DEBUG_INFORMATION_FORMAT = dwarf;
				ENABLE_STRICT_OBJC_MSGSEND = YES;
				ENABLE_TESTABILITY = YES;
				GCC_C_LANGUAGE_STANDARD = gnu11;
				GCC_DYNAMIC_NO_PIC = NO;
				GCC_NO_COMMON_BLOCKS = YES;
				GCC_OPTIMIZATION_LEVEL = 0;
				GCC_PREPROCESSOR_DEFINITIONS = (
					"DEBUG=1",
					"$(inherited)",
				);
				GCC_WARN_64_TO_32_BIT_CONVERSION = YES;
				GCC_WARN_ABOUT_RETURN_TYPE = YES_ERROR;
				GCC_WARN_UNDECLARED_SELECTOR = YES;
				GCC_WARN_UNINITIALIZED_AUTOS = YES_AGGRESSIVE;
				GCC_WARN_UNUSED_FUNCTION = YES;
				GCC_WARN_UNUSED_VARIABLE = YES;
				IPHONEOS_DEPLOYMENT_TARGET = 15.0;
				MTL_ENABLE_DEBUG_INFO = INCLUDE_SOURCE;
				MTL_FAST_MATH = YES;
				ONLY_ACTIVE_ARCH = YES;
				SDKROOT = iphoneos;
				SWIFT_ACTIVE_COMPILATION_CONDITIONS = DEBUG;
				SWIFT_OPTIMIZATION_LEVEL = "-Onone";
			};
			name = Debug;
		};
		916AD39627FD904C00739999 /* Release */ = {
			isa = XCBuildConfiguration;
			buildSettings = {
				ALWAYS_SEARCH_USER_PATHS = NO;
				CLANG_ANALYZER_NONNULL = YES;
				CLANG_ANALYZER_NUMBER_OBJECT_CONVERSION = YES_AGGRESSIVE;
				CLANG_CXX_LANGUAGE_STANDARD = "gnu++17";
				CLANG_ENABLE_MODULES = YES;
				CLANG_ENABLE_OBJC_ARC = YES;
				CLANG_ENABLE_OBJC_WEAK = YES;
				CLANG_WARN_BLOCK_CAPTURE_AUTORELEASING = YES;
				CLANG_WARN_BOOL_CONVERSION = YES;
				CLANG_WARN_COMMA = YES;
				CLANG_WARN_CONSTANT_CONVERSION = YES;
				CLANG_WARN_DEPRECATED_OBJC_IMPLEMENTATIONS = YES;
				CLANG_WARN_DIRECT_OBJC_ISA_USAGE = YES_ERROR;
				CLANG_WARN_DOCUMENTATION_COMMENTS = YES;
				CLANG_WARN_EMPTY_BODY = YES;
				CLANG_WARN_ENUM_CONVERSION = YES;
				CLANG_WARN_INFINITE_RECURSION = YES;
				CLANG_WARN_INT_CONVERSION = YES;
				CLANG_WARN_NON_LITERAL_NULL_CONVERSION = YES;
				CLANG_WARN_OBJC_IMPLICIT_RETAIN_SELF = YES;
				CLANG_WARN_OBJC_LITERAL_CONVERSION = YES;
				CLANG_WARN_OBJC_ROOT_CLASS = YES_ERROR;
				CLANG_WARN_QUOTED_INCLUDE_IN_FRAMEWORK_HEADER = YES;
				CLANG_WARN_RANGE_LOOP_ANALYSIS = YES;
				CLANG_WARN_STRICT_PROTOTYPES = YES;
				CLANG_WARN_SUSPICIOUS_MOVE = YES;
				CLANG_WARN_UNGUARDED_AVAILABILITY = YES_AGGRESSIVE;
				CLANG_WARN_UNREACHABLE_CODE = YES;
				CLANG_WARN__DUPLICATE_METHOD_MATCH = YES;
				COPY_PHASE_STRIP = NO;
				DEBUG_INFORMATION_FORMAT = "dwarf-with-dsym";
				ENABLE_NS_ASSERTIONS = NO;
				ENABLE_STRICT_OBJC_MSGSEND = YES;
				GCC_C_LANGUAGE_STANDARD = gnu11;
				GCC_NO_COMMON_BLOCKS = YES;
				GCC_WARN_64_TO_32_BIT_CONVERSION = YES;
				GCC_WARN_ABOUT_RETURN_TYPE = YES_ERROR;
				GCC_WARN_UNDECLARED_SELECTOR = YES;
				GCC_WARN_UNINITIALIZED_AUTOS = YES_AGGRESSIVE;
				GCC_WARN_UNUSED_FUNCTION = YES;
				GCC_WARN_UNUSED_VARIABLE = YES;
				IPHONEOS_DEPLOYMENT_TARGET = 15.0;
				MTL_ENABLE_DEBUG_INFO = NO;
				MTL_FAST_MATH = YES;
				SDKROOT = iphoneos;
				SWIFT_COMPILATION_MODE = wholemodule;
				SWIFT_OPTIMIZATION_LEVEL = "-O";
				VALIDATE_PRODUCT = YES;
			};
			name = Release;
		};
		916AD39827FD904C00739999 /* Debug */ = {
			isa = XCBuildConfiguration;
			buildSettings = {
				ASSETCATALOG_COMPILER_APPICON_NAME = AppIcon;
				ASSETCATALOG_COMPILER_GLOBAL_ACCENT_COLOR_NAME = AccentColor;
				CODE_SIGN_STYLE = Automatic;
				CURRENT_PROJECT_VERSION = 1;
				DEVELOPMENT_TEAM = HLGY9529T6;
				GENERATE_INFOPLIST_FILE = YES;
				INFOPLIST_FILE = WeatherUIKit/Info.plist;
				INFOPLIST_KEY_UIApplicationSupportsIndirectInputEvents = YES;
				INFOPLIST_KEY_UILaunchStoryboardName = LaunchScreen;
				INFOPLIST_KEY_UIMainStoryboardFile = Main;
				INFOPLIST_KEY_UISupportedInterfaceOrientations_iPad = "UIInterfaceOrientationPortrait UIInterfaceOrientationPortraitUpsideDown UIInterfaceOrientationLandscapeLeft UIInterfaceOrientationLandscapeRight";
				INFOPLIST_KEY_UISupportedInterfaceOrientations_iPhone = "UIInterfaceOrientationPortrait UIInterfaceOrientationLandscapeLeft UIInterfaceOrientationLandscapeRight";
				LD_RUNPATH_SEARCH_PATHS = (
					"$(inherited)",
					"@executable_path/Frameworks",
				);
				MARKETING_VERSION = 1.0;
				PRODUCT_BUNDLE_IDENTIFIER = com.vinklair.portfolio.WeatherUIKit;
				PRODUCT_NAME = "$(TARGET_NAME)";
				SWIFT_EMIT_LOC_STRINGS = YES;
				SWIFT_VERSION = 5.0;
				TARGETED_DEVICE_FAMILY = "1,2";
			};
			name = Debug;
		};
		916AD39927FD904C00739999 /* Release */ = {
			isa = XCBuildConfiguration;
			buildSettings = {
				ASSETCATALOG_COMPILER_APPICON_NAME = AppIcon;
				ASSETCATALOG_COMPILER_GLOBAL_ACCENT_COLOR_NAME = AccentColor;
				CODE_SIGN_STYLE = Automatic;
				CURRENT_PROJECT_VERSION = 1;
				DEVELOPMENT_TEAM = HLGY9529T6;
				GENERATE_INFOPLIST_FILE = YES;
				INFOPLIST_FILE = WeatherUIKit/Info.plist;
				INFOPLIST_KEY_UIApplicationSupportsIndirectInputEvents = YES;
				INFOPLIST_KEY_UILaunchStoryboardName = LaunchScreen;
				INFOPLIST_KEY_UIMainStoryboardFile = Main;
				INFOPLIST_KEY_UISupportedInterfaceOrientations_iPad = "UIInterfaceOrientationPortrait UIInterfaceOrientationPortraitUpsideDown UIInterfaceOrientationLandscapeLeft UIInterfaceOrientationLandscapeRight";
				INFOPLIST_KEY_UISupportedInterfaceOrientations_iPhone = "UIInterfaceOrientationPortrait UIInterfaceOrientationLandscapeLeft UIInterfaceOrientationLandscapeRight";
				LD_RUNPATH_SEARCH_PATHS = (
					"$(inherited)",
					"@executable_path/Frameworks",
				);
				MARKETING_VERSION = 1.0;
				PRODUCT_BUNDLE_IDENTIFIER = com.vinklair.portfolio.WeatherUIKit;
				PRODUCT_NAME = "$(TARGET_NAME)";
				SWIFT_EMIT_LOC_STRINGS = YES;
				SWIFT_VERSION = 5.0;
				TARGETED_DEVICE_FAMILY = "1,2";
			};
			name = Release;
		};
/* End XCBuildConfiguration section */

/* Begin XCConfigurationList section */
		916AD37E27FD904B00739999 /* Build configuration list for PBXProject "WeatherUIKit" */ = {
			isa = XCConfigurationList;
			buildConfigurations = (
				916AD39527FD904C00739999 /* Debug */,
				916AD39627FD904C00739999 /* Release */,
			);
			defaultConfigurationIsVisible = 0;
			defaultConfigurationName = Release;
		};
		916AD39727FD904C00739999 /* Build configuration list for PBXNativeTarget "WeatherUIKit" */ = {
			isa = XCConfigurationList;
			buildConfigurations = (
				916AD39827FD904C00739999 /* Debug */,
				916AD39927FD904C00739999 /* Release */,
			);
			defaultConfigurationIsVisible = 0;
			defaultConfigurationName = Release;
		};
/* End XCConfigurationList section */
	};
	rootObject = 916AD37B27FD904B00739999 /* Project object */;
}
